
Microsoft Visual Studio Solution File, Format Version 12.00
# Visual Studio Version 17
VisualStudioVersion = 17.14.36511.14
MinimumVisualStudioVersion = 10.0.40219.1
Project("{8BC9CEB8-8B4A-11D0-8D11-00A0C91BC942}") = "2_Darbas", "2_Darbas.vcxproj", "{AF7FFE3C-7944-43F4-8FCD-74894AE1D3E7}"
EndProject
Project("{54435603-DBB4-11D2-8724-00A0C9A8B90C}") = "AppSetup", "..\AppSetup\AppSetup.vdproj", "{72D6A247-6111-AA49-4812-C557D687404E}"
EndProject
Global
	GlobalSection(SolutionConfigurationPlatforms) = preSolution
		Debug|x64 = Debug|x64
		Debug|x86 = Debug|x86
		Release|x64 = Release|x64
		Release|x86 = Release|x86
	EndGlobalSection
	GlobalSection(ProjectConfigurationPlatforms) = postSolution
		{AF7FFE3C-7944-43F4-8FCD-74894AE1D3E7}.Debug|x64.ActiveCfg = Debug|x64
		{AF7FFE3C-7944-43F4-8FCD-74894AE1D3E7}.Debug|x64.Build.0 = Debug|x64
		{AF7FFE3C-7944-43F4-8FCD-74894AE1D3E7}.Debug|x86.ActiveCfg = Debug|Win32
		{AF7FFE3C-7944-43F4-8FCD-74894AE1D3E7}.Debug|x86.Build.0 = Debug|Win32
		{AF7FFE3C-7944-43F4-8FCD-74894AE1D3E7}.Release|x64.ActiveCfg = Release|x64
		{AF7FFE3C-7944-43F4-8FCD-74894AE1D3E7}.Release|x64.Build.0 = Release|x64
		{AF7FFE3C-7944-43F4-8FCD-74894AE1D3E7}.Release|x86.ActiveCfg = Release|Win32
		{AF7FFE3C-7944-43F4-8FCD-74894AE1D3E7}.Release|x86.Build.0 = Release|Win32
		{72D6A247-6111-AA49-4812-C557D687404E}.Debug|x64.ActiveCfg = Debug
		{72D6A247-6111-AA49-4812-C557D687404E}.Debug|x86.ActiveCfg = Debug
		{72D6A247-6111-AA49-4812-C557D687404E}.Release|x64.ActiveCfg = Release
		{72D6A247-6111-AA49-4812-C557D687404E}.Release|x86.ActiveCfg = Release
	EndGlobalSection
	GlobalSection(SolutionProperties) = preSolution
		HideSolutionNode = FALSE
	EndGlobalSection
	GlobalSection(ExtensibilityGlobals) = postSolution
		SolutionGuid = {EF9AF2F6-9EF2-46CD-96FC-C7697B797F48}
	EndGlobalSection
EndGlobal
